{
  "nodes": {
    "brew-src": {
      "flake": false,
      "locked": {
        "lastModified": 1769363988,
        "narHash": "sha256-BiGPeulrDVetXP+tjxhMcGLUROZAtZIhU5m4MqawCfM=",
        "owner": "Homebrew",
        "repo": "brew",
        "rev": "d01011cac6d72032c75fd2cd9489909e95d9faf2",
        "type": "github"
      },
      "original": {
        "owner": "Homebrew",
        "ref": "5.0.12",
        "repo": "brew",
        "type": "github"
      }
    },
    "fenix": {
      "inputs": {
        "nixpkgs": [
          "nixpkgs"
        ],
        "rust-analyzer-src": "rust-analyzer-src"
      },
      "locked": {
        "lastModified": 1770966612,
        "narHash": "sha256-S6k14z/JsDwX6zZyLucDBTOe/9RsvxH9GTUxHn2o4vc=",
        "owner": "nix-community",
        "repo": "fenix",
        "rev": "e90d48dcfaebac7ea7a5687888a2d0733be26343",
        "type": "github"
      },
      "original": {
        "owner": "nix-community",
        "repo": "fenix",
        "type": "github"
      }
    },
    "home-manager": {
      "inputs": {
        "nixpkgs": [
          "nixpkgs"
        ]
      },
      "locked": {
        "lastModified": 1770995331,
        "narHash": "sha256-MZOF7PVKDOMAOp6bJpzuKOb1DVcyUT84568r8y3iVGg=",
        "owner": "nix-community",
        "repo": "home-manager",
        "rev": "5e90b62996d56da9acb21e502c078e7c4e6ab40f",
        "type": "github"
      },
      "original": {
        "owner": "nix-community",
        "ref": "master",
        "repo": "home-manager",
        "type": "github"
      }
    },
    "homebrew-cask": {
      "flake": false,
      "locked": {
        "lastModified": 1771007113,
        "narHash": "sha256-66m0Yp8n6SpBdMsX/8iJnh3+RcNDULVf/uMOSnKlDfI=",
        "owner": "homebrew",
        "repo": "homebrew-cask",
        "rev": "1d0df5224e46bbbde7476d9a979ae601ba342d6a",
        "type": "github"
      },
      "original": {
        "owner": "homebrew",
        "repo": "homebrew-cask",
        "type": "github"
      }
    },
    "homebrew-core": {
      "flake": false,
      "locked": {
        "lastModified": 1771009611,
        "narHash": "sha256-++11Sze1C7Vr4wBxvEAxlLxFbL2J+3627hK+txu0GyA=",
        "owner": "homebrew",
        "repo": "homebrew-core",
        "rev": "c1d0c99658266fd0644713f24647b58f2e59505f",
        "type": "github"
      },
      "original": {
        "owner": "homebrew",
        "repo": "homebrew-core",
        "type": "github"
      }
    },
    "nix-config-private": {
      "locked": {
        "lastModified": 1764184701,
        "narHash": "sha256-IcjwKqNImxGxXdFihbV+a6wIeDjnoa10bvQv3BwHc7M=",
        "ref": "refs/heads/trunk",
        "rev": "dc7723dd5d482e178549972c24a9f8a61081f57a",
        "revCount": 1,
        "type": "git",
        "url": "ssh://git@github.com/cbeck527/nix-config-private.git"
      },
      "original": {
        "type": "git",
        "url": "ssh://git@github.com/cbeck527/nix-config-private.git"
      }
    },
    "nix-darwin": {
      "inputs": {
        "nixpkgs": [
          "nixpkgs"
        ]
      },
      "locked": {
        "lastModified": 1770922915,
        "narHash": "sha256-6J/JoK9iL7sHvKJcGW2KId2agaKv1OGypsa7kN+ZBD4=",
        "owner": "LnL7",
        "repo": "nix-darwin",
        "rev": "6c5a56295d2a24e43bcd8af838def1b9a95746b2",
        "type": "github"
      },
      "original": {
        "owner": "LnL7",
        "ref": "master",
        "repo": "nix-darwin",
        "type": "github"
      }
    },
    "nix-homebrew": {
      "inputs": {
        "brew-src": "brew-src"
      },
      "locked": {
        "lastModified": 1769437432,
        "narHash": "sha256-8d7KnCpT2LweRvSzZYEGd9IM3eFX+A78opcnDM0+ndk=",
        "owner": "zhaofengli-wip",
        "repo": "nix-homebrew",
        "rev": "a5409abd0d5013d79775d3419bcac10eacb9d8c5",
        "type": "github"
      },
      "original": {
        "owner": "zhaofengli-wip",
        "repo": "nix-homebrew",
        "type": "github"
      }
    },
    "nixpkgs": {
      "locked": {
        "lastModified": 1770843696,
        "narHash": "sha256-LovWTGDwXhkfCOmbgLVA10bvsi/P8eDDpRudgk68HA8=",
        "owner": "NixOS",
        "repo": "nixpkgs",
        "rev": "2343bbb58f99267223bc2aac4fc9ea301a155a16",
        "type": "github"
      },
      "original": {
        "owner": "NixOS",
        "ref": "nixpkgs-unstable",
        "repo": "nixpkgs",
        "type": "github"
      }
    },
    "nixpkgs-claude-code": {
      "locked": {
        "lastModified": 1771009322,
        "narHash": "sha256-8ldXRPtE8NyLj4yYx4qU88A9EmyNOW+zisheW1CCG/E=",
        "owner": "nixos",
        "repo": "nixpkgs",
        "rev": "c73f633742e8c0746d136ce73075e268b309b3d5",
        "type": "github"
      },
      "original": {
        "owner": "nixos",
        "ref": "master",
        "repo": "nixpkgs",
        "type": "github"
      }
    },
    "nixpkgs-master": {
      "locked": {
        "lastModified": 1771009322,
        "narHash": "sha256-8ldXRPtE8NyLj4yYx4qU88A9EmyNOW+zisheW1CCG/E=",
        "owner": "nixos",
        "repo": "nixpkgs",
        "rev": "c73f633742e8c0746d136ce73075e268b309b3d5",
        "type": "github"
      },
      "original": {
        "owner": "nixos",
        "ref": "master",
        "repo": "nixpkgs",
        "type": "github"
      }
    },
    "nixpkgs-stable": {
      "locked": {
        "lastModified": 1770746255,
        "narHash": "sha256-ZzMQ1deN/Ca0GapjGtvlCXPop/ZzFtolpb37KrDTgWo=",
        "owner": "nixos",
        "repo": "nixpkgs",
        "rev": "78d26d24b115f5df93835994696a30b20bb38c83",
        "type": "github"
      },
      "original": {
        "owner": "nixos",
        "ref": "nixpkgs-25.11-darwin",
        "repo": "nixpkgs",
        "type": "github"
      }
    },
    "nixpkgs-terraform-157": {
      "locked": {
        "lastModified": 1694532065,
        "narHash": "sha256-acTUGELlTQMcEX1ibwK581dU452DcFjlOewyAqne8Hk=",
        "owner": "nixos",
        "repo": "nixpkgs",
        "rev": "9204ded9bd5d64ccff9341c6f9eb4407ed6f1c01",
        "type": "github"
      },
      "original": {
        "owner": "nixos",
        "repo": "nixpkgs",
        "rev": "9204ded9bd5d64ccff9341c6f9eb4407ed6f1c01",
        "type": "github"
      }
    },
    "root": {
      "inputs": {
        "fenix": "fenix",
        "home-manager": "home-manager",
        "homebrew-cask": "homebrew-cask",
        "homebrew-core": "homebrew-core",
        "nix-config-private": "nix-config-private",
        "nix-darwin": "nix-darwin",
        "nix-homebrew": "nix-homebrew",
        "nixpkgs": "nixpkgs",
        "nixpkgs-claude-code": "nixpkgs-claude-code",
        "nixpkgs-master": "nixpkgs-master",
        "nixpkgs-stable": "nixpkgs-stable",
        "nixpkgs-terraform-157": "nixpkgs-terraform-157"
      }
    },
    "rust-analyzer-src": {
      "flake": false,
      "locked": {
        "lastModified": 1770934477,
        "narHash": "sha256-GX0cINHhhzUbQHyDYN2Mc+ovb6Sx/4yrF95VVou9aW4=",
        "owner": "rust-lang",
        "repo": "rust-analyzer",
        "rev": "931cd553be123b11db1435ac7ea5657e62e5e601",
        "type": "github"
      },
      "original": {
        "owner": "rust-lang",
        "ref": "nightly",
        "repo": "rust-analyzer",
        "type": "github"
      }
    }
  },
  "root": "root",
  "version": 7
}
