{
  "nodes": {
    "brew-src": {
      "flake": false,
      "locked": {
        "lastModified": 1763638478,
        "narHash": "sha256-n/IMowE9S23ovmTkKX7KhxXC2Yq41EAVFR2FBIXPcT8=",
        "owner": "Homebrew",
        "repo": "brew",
        "rev": "fbfdbaba008189499958a7aeb1e2c36ab10c067d",
        "type": "github"
      },
      "original": {
        "owner": "Homebrew",
        "ref": "5.0.3",
        "repo": "brew",
        "type": "github"
      }
    },
    "fenix": {
      "inputs": {
        "nixpkgs": [
          "nixpkgs-unstable"
        ],
        "rust-analyzer-src": "rust-analyzer-src"
      },
      "locked": {
        "lastModified": 1764830916,
        "narHash": "sha256-GCw5hPDoA2gXqRh6ThWxcXzA+DqqRR7DaLfPx69SVEg=",
        "owner": "nix-community",
        "repo": "fenix",
        "rev": "ea1d6932e79aa6931c932c83957f6547064759e2",
        "type": "github"
      },
      "original": {
        "owner": "nix-community",
        "repo": "fenix",
        "type": "github"
      }
    },
    "home-manager": {
      "inputs": {
        "nixpkgs": [
          "nixpkgs-unstable"
        ]
      },
      "locked": {
        "lastModified": 1764788330,
        "narHash": "sha256-hE/gXK+Z0j654T0tsW+KcndRqsgZXe8HyWchjBJgQpw=",
        "owner": "nix-community",
        "repo": "home-manager",
        "rev": "fca4cba863e76c26cfe48e5903c2ff4bac2b2d5d",
        "type": "github"
      },
      "original": {
        "owner": "nix-community",
        "ref": "master",
        "repo": "home-manager",
        "type": "github"
      }
    },
    "homebrew-cask": {
      "flake": false,
      "locked": {
        "lastModified": 1764827464,
        "narHash": "sha256-qcZBYPQIxMhFlV1MbX5rQu8OPvO4mL80o5L2I+yzdF8=",
        "owner": "homebrew",
        "repo": "homebrew-cask",
        "rev": "49a08ae15dfc6d47284aebc4ace805a97977c67e",
        "type": "github"
      },
      "original": {
        "owner": "homebrew",
        "repo": "homebrew-cask",
        "type": "github"
      }
    },
    "homebrew-core": {
      "flake": false,
      "locked": {
        "lastModified": 1764828116,
        "narHash": "sha256-/pCFfUKCanvAjCesBiXdVZlp+fGUIGRGRP6eFinZeLE=",
        "owner": "homebrew",
        "repo": "homebrew-core",
        "rev": "67e38d87bddf4309bb02f17a26b473317ae50b49",
        "type": "github"
      },
      "original": {
        "owner": "homebrew",
        "repo": "homebrew-core",
        "type": "github"
      }
    },
    "nix-config-private": {
      "locked": {
        "lastModified": 1764184701,
        "narHash": "sha256-IcjwKqNImxGxXdFihbV+a6wIeDjnoa10bvQv3BwHc7M=",
        "ref": "refs/heads/trunk",
        "rev": "dc7723dd5d482e178549972c24a9f8a61081f57a",
        "revCount": 1,
        "type": "git",
        "url": "ssh://git@github.com/cbeck527/nix-config-private.git"
      },
      "original": {
        "type": "git",
        "url": "ssh://git@github.com/cbeck527/nix-config-private.git"
      }
    },
    "nix-darwin": {
      "inputs": {
        "nixpkgs": [
          "nixpkgs-unstable"
        ]
      },
      "locked": {
        "lastModified": 1764161084,
        "narHash": "sha256-HN84sByg9FhJnojkGGDSrcjcbeioFWoNXfuyYfJ1kBE=",
        "owner": "LnL7",
        "repo": "nix-darwin",
        "rev": "e95de00a471d07435e0527ff4db092c84998698e",
        "type": "github"
      },
      "original": {
        "owner": "LnL7",
        "ref": "master",
        "repo": "nix-darwin",
        "type": "github"
      }
    },
    "nix-homebrew": {
      "inputs": {
        "brew-src": "brew-src"
      },
      "locked": {
        "lastModified": 1764473698,
        "narHash": "sha256-C91gPgv6udN5WuIZWNehp8qdLqlrzX6iF/YyboOj6XI=",
        "owner": "zhaofengli-wip",
        "repo": "nix-homebrew",
        "rev": "6a8ab60bfd66154feeaa1021fc3b32684814a62a",
        "type": "github"
      },
      "original": {
        "owner": "zhaofengli-wip",
        "repo": "nix-homebrew",
        "type": "github"
      }
    },
    "nixpkgs-master": {
      "locked": {
        "lastModified": 1764833459,
        "narHash": "sha256-q2J4VBQ3sHg2VGoJ6Df0EDXaCtSLe8mmU2S1K3O7BBk=",
        "owner": "nixos",
        "repo": "nixpkgs",
        "rev": "3a9e3c72bdbc08df078a356270c0bca6d067d376",
        "type": "github"
      },
      "original": {
        "owner": "nixos",
        "ref": "master",
        "repo": "nixpkgs",
        "type": "github"
      }
    },
    "nixpkgs-stable": {
      "locked": {
        "lastModified": 1764794491,
        "narHash": "sha256-53ax34WU7ScLVbHWVuWgeJ6hHtKUJoRLd7mLvoqcnDE=",
        "owner": "nixos",
        "repo": "nixpkgs",
        "rev": "db8ef220795ce3c1d0c96987dccd5534db780135",
        "type": "github"
      },
      "original": {
        "owner": "nixos",
        "ref": "nixpkgs-25.05-darwin",
        "repo": "nixpkgs",
        "type": "github"
      }
    },
    "nixpkgs-terraform-157": {
      "locked": {
        "lastModified": 1694532065,
        "narHash": "sha256-acTUGELlTQMcEX1ibwK581dU452DcFjlOewyAqne8Hk=",
        "owner": "nixos",
        "repo": "nixpkgs",
        "rev": "9204ded9bd5d64ccff9341c6f9eb4407ed6f1c01",
        "type": "github"
      },
      "original": {
        "owner": "nixos",
        "repo": "nixpkgs",
        "rev": "9204ded9bd5d64ccff9341c6f9eb4407ed6f1c01",
        "type": "github"
      }
    },
    "nixpkgs-unstable": {
      "locked": {
        "lastModified": 1764794580,
        "narHash": "sha256-UMVihg0OQ980YqmOAPz+zkuCEb9hpE5Xj2v+ZGNjQ+M=",
        "owner": "NixOS",
        "repo": "nixpkgs",
        "rev": "ebc94f855ef25347c314258c10393a92794e7ab9",
        "type": "github"
      },
      "original": {
        "owner": "NixOS",
        "ref": "nixpkgs-unstable",
        "repo": "nixpkgs",
        "type": "github"
      }
    },
    "root": {
      "inputs": {
        "fenix": "fenix",
        "home-manager": "home-manager",
        "homebrew-cask": "homebrew-cask",
        "homebrew-core": "homebrew-core",
        "nix-config-private": "nix-config-private",
        "nix-darwin": "nix-darwin",
        "nix-homebrew": "nix-homebrew",
        "nixpkgs-master": "nixpkgs-master",
        "nixpkgs-stable": "nixpkgs-stable",
        "nixpkgs-terraform-157": "nixpkgs-terraform-157",
        "nixpkgs-unstable": "nixpkgs-unstable"
      }
    },
    "rust-analyzer-src": {
      "flake": false,
      "locked": {
        "lastModified": 1764778537,
        "narHash": "sha256-SNL+Fj1ZWiBqCrHJT1S9vMZujrWxCOmf3zkT66XSnhE=",
        "owner": "rust-lang",
        "repo": "rust-analyzer",
        "rev": "633cff25206d5108043d87617a43c9d04aa42c88",
        "type": "github"
      },
      "original": {
        "owner": "rust-lang",
        "ref": "nightly",
        "repo": "rust-analyzer",
        "type": "github"
      }
    }
  },
  "root": "root",
  "version": 7
}
